
Microsoft Visual Studio Solution File, Format Version 10.00
# Visual Studio 2008
Project("{8BC9CEB8-8B4A-11D0-8D11-00A0C91BC942}") = "sslserver", "sslserver\sslserver.vcproj", "{FC2BDD1B-8AA3-4709-9D00-46564BE60ABC}"
EndProject
Project("{8BC9CEB8-8B4A-11D0-8D11-00A0C91BC942}") = "sslclient", "sslclient\sslclient.vcproj", "{E9849803-380C-4C1A-9BEB-6DC9C2B518F2}"
EndProject
Project("{8BC9CEB8-8B4A-11D0-8D11-00A0C91BC942}") = "client", "client\client.vcproj", "{E9849803-380C-4C1A-9BEB-6DC9C2B518F3}"
EndProject
Project("{8BC9CEB8-8B4A-11D0-8D11-00A0C91BC942}") = "server", "server\server.vcproj", "{FC2BDD1B-8AA3-4709-9D00-46564BE60ABF}"
EndProject
Global
	GlobalSection(SolutionConfigurationPlatforms) = preSolution
		Debug|Win32 = Debug|Win32
		Release|Win32 = Release|Win32
	EndGlobalSection
	GlobalSection(ProjectConfigurationPlatforms) = postSolution
		{FC2BDD1B-8AA3-4709-9D00-46564BE60ABC}.Debug|Win32.ActiveCfg = Debug|Win32
		{FC2BDD1B-8AA3-4709-9D00-46564BE60ABC}.Debug|Win32.Build.0 = Debug|Win32
		{FC2BDD1B-8AA3-4709-9D00-46564BE60ABC}.Release|Win32.ActiveCfg = Release|Win32
		{FC2BDD1B-8AA3-4709-9D00-46564BE60ABC}.Release|Win32.Build.0 = Release|Win32
		{E9849803-380C-4C1A-9BEB-6DC9C2B518F2}.Debug|Win32.ActiveCfg = Debug|Win32
		{E9849803-380C-4C1A-9BEB-6DC9C2B518F2}.Debug|Win32.Build.0 = Debug|Win32
		{E9849803-380C-4C1A-9BEB-6DC9C2B518F2}.Release|Win32.ActiveCfg = Release|Win32
		{E9849803-380C-4C1A-9BEB-6DC9C2B518F2}.Release|Win32.Build.0 = Release|Win32
		{E9849803-380C-4C1A-9BEB-6DC9C2B518F3}.Debug|Win32.ActiveCfg = Debug|Win32
		{E9849803-380C-4C1A-9BEB-6DC9C2B518F3}.Debug|Win32.Build.0 = Debug|Win32
		{E9849803-380C-4C1A-9BEB-6DC9C2B518F3}.Release|Win32.ActiveCfg = Release|Win32
		{E9849803-380C-4C1A-9BEB-6DC9C2B518F3}.Release|Win32.Build.0 = Release|Win32
		{FC2BDD1B-8AA3-4709-9D00-46564BE60ABF}.Debug|Win32.ActiveCfg = Debug|Win32
		{FC2BDD1B-8AA3-4709-9D00-46564BE60ABF}.Debug|Win32.Build.0 = Debug|Win32
		{FC2BDD1B-8AA3-4709-9D00-46564BE60ABF}.Release|Win32.ActiveCfg = Release|Win32
		{FC2BDD1B-8AA3-4709-9D00-46564BE60ABF}.Release|Win32.Build.0 = Release|Win32
	EndGlobalSection
	GlobalSection(SolutionProperties) = preSolution
		HideSolutionNode = FALSE
	EndGlobalSection
	GlobalSection(ExtensibilityGlobals) = postSolution
		VisualSVNWorkingCopyRoot = .
	EndGlobalSection
EndGlobal
